
Microsoft Visual Studio Solution File, Format Version 12.00
# Visual Studio Version 17
VisualStudioVersion = 17.9.34622.214
MinimumVisualStudioVersion = 10.0.40219.1
Project("{9A19103F-16F7-4668-BE54-9A1E7A4F7556}") = "WebShopAppp", "WebShopAppp\WebShopAppp.csproj", "{6EDE8129-37F3-43BF-93E9-83BB862F93C3}"
EndProject
Project("{9A19103F-16F7-4668-BE54-9A1E7A4F7556}") = "WebShopApp.Infrastructure", "WebShopApp.Infrastructure\WebShopApp.Infrastructure.csproj", "{16453886-D8C8-4C16-85AE-0CCA20642C78}"
EndProject
Project("{9A19103F-16F7-4668-BE54-9A1E7A4F7556}") = "WebShopApp.Core", "WebShopApp.Core\WebShopApp.Core.csproj", "{C4822C71-5ED7-4C6C-B5BD-6ED23ADF5E55}"
EndProject
Global
	GlobalSection(SolutionConfigurationPlatforms) = preSolution
		Debug|Any CPU = Debug|Any CPU
		Release|Any CPU = Release|Any CPU
	EndGlobalSection
	GlobalSection(ProjectConfigurationPlatforms) = postSolution
		{6EDE8129-37F3-43BF-93E9-83BB862F93C3}.Debug|Any CPU.ActiveCfg = Debug|Any CPU
		{6EDE8129-37F3-43BF-93E9-83BB862F93C3}.Debug|Any CPU.Build.0 = Debug|Any CPU
		{6EDE8129-37F3-43BF-93E9-83BB862F93C3}.Release|Any CPU.ActiveCfg = Release|Any CPU
		{6EDE8129-37F3-43BF-93E9-83BB862F93C3}.Release|Any CPU.Build.0 = Release|Any CPU
		{16453886-D8C8-4C16-85AE-0CCA20642C78}.Debug|Any CPU.ActiveCfg = Debug|Any CPU
		{16453886-D8C8-4C16-85AE-0CCA20642C78}.Debug|Any CPU.Build.0 = Debug|Any CPU
		{16453886-D8C8-4C16-85AE-0CCA20642C78}.Release|Any CPU.ActiveCfg = Release|Any CPU
		{16453886-D8C8-4C16-85AE-0CCA20642C78}.Release|Any CPU.Build.0 = Release|Any CPU
		{C4822C71-5ED7-4C6C-B5BD-6ED23ADF5E55}.Debug|Any CPU.ActiveCfg = Debug|Any CPU
		{C4822C71-5ED7-4C6C-B5BD-6ED23ADF5E55}.Debug|Any CPU.Build.0 = Debug|Any CPU
		{C4822C71-5ED7-4C6C-B5BD-6ED23ADF5E55}.Release|Any CPU.ActiveCfg = Release|Any CPU
		{C4822C71-5ED7-4C6C-B5BD-6ED23ADF5E55}.Release|Any CPU.Build.0 = Release|Any CPU
	EndGlobalSection
	GlobalSection(SolutionProperties) = preSolution
		HideSolutionNode = FALSE
	EndGlobalSection
	GlobalSection(ExtensibilityGlobals) = postSolution
		SolutionGuid = {8B37BA18-8DA2-4963-A92E-3FA0A1CBA8CC}
	EndGlobalSection
EndGlobal
